
Microsoft Visual Studio Solution File, Format Version 12.00
# Visual Studio 15
VisualStudioVersion = 15.0.33423.255
MinimumVisualStudioVersion = 10.0.40219.1
Project("{FAE04EC0-301F-11D3-BF4B-00C04F79EFBC}") = "WebApi", "WebApi\WebApi.csproj", "{12CFA3BF-9DEB-4F2B-B628-60C0339EBA21}"
EndProject
Project("{FAE04EC0-301F-11D3-BF4B-00C04F79EFBC}") = "MVC", "MVC\MVC.csproj", "{5CAC49A8-7E63-4C10-B71E-7B85769F176D}"
EndProject
Global
	GlobalSection(SolutionConfigurationPlatforms) = preSolution
		Debug|Any CPU = Debug|Any CPU
		Release|Any CPU = Release|Any CPU
	EndGlobalSection
	GlobalSection(ProjectConfigurationPlatforms) = postSolution
		{12CFA3BF-9DEB-4F2B-B628-60C0339EBA21}.Debug|Any CPU.ActiveCfg = Debug|Any CPU
		{12CFA3BF-9DEB-4F2B-B628-60C0339EBA21}.Debug|Any CPU.Build.0 = Debug|Any CPU
		{12CFA3BF-9DEB-4F2B-B628-60C0339EBA21}.Release|Any CPU.ActiveCfg = Release|Any CPU
		{12CFA3BF-9DEB-4F2B-B628-60C0339EBA21}.Release|Any CPU.Build.0 = Release|Any CPU
		{5CAC49A8-7E63-4C10-B71E-7B85769F176D}.Debug|Any CPU.ActiveCfg = Debug|Any CPU
		{5CAC49A8-7E63-4C10-B71E-7B85769F176D}.Debug|Any CPU.Build.0 = Debug|Any CPU
		{5CAC49A8-7E63-4C10-B71E-7B85769F176D}.Release|Any CPU.ActiveCfg = Release|Any CPU
		{5CAC49A8-7E63-4C10-B71E-7B85769F176D}.Release|Any CPU.Build.0 = Release|Any CPU
	EndGlobalSection
	GlobalSection(SolutionProperties) = preSolution
		HideSolutionNode = FALSE
	EndGlobalSection
	GlobalSection(ExtensibilityGlobals) = postSolution
		SolutionGuid = {5B774CE8-8934-4BE2-8C6E-B2CE3061F867}
	EndGlobalSection
EndGlobal
